<Solution>
    <Configurations>
        <Platform Name="Win32"/>
        <Platform Name="x64"/>
    </Configurations>
    <Folder Name="/vender/"/>
    <Folder Name="/vender/spdlog/"/>
    <Project Path="Hyperion/Hyperion.vcxproj" Id="8f834f33-5907-49b9-8636-1c3b84504160"/>
    <Project Path="Sandbox/Sandbox.vcxproj" Id="bbad5e02-16fd-44a1-875d-50b6f6b5f895"/>
</Solution>
